
Microsoft Visual Studio Solution File, Format Version 12.00
# Visual Studio 15
VisualStudioVersion = 15.0.28307.852
MinimumVisualStudioVersion = 10.0.40219.1
Project("{FAE04EC0-301F-11D3-BF4B-00C04F79EFBC}") = "MissionarySite", "MissionarySite\MissionarySite.csproj", "{FB687515-B6F6-4C90-A360-D3D28A664A91}"
EndProject
Global
	GlobalSection(SolutionConfigurationPlatforms) = preSolution
		Debug|Any CPU = Debug|Any CPU
		Release|Any CPU = Release|Any CPU
	EndGlobalSection
	GlobalSection(ProjectConfigurationPlatforms) = postSolution
		{FB687515-B6F6-4C90-A360-D3D28A664A91}.Debug|Any CPU.ActiveCfg = Debug|Any CPU
		{FB687515-B6F6-4C90-A360-D3D28A664A91}.Debug|Any CPU.Build.0 = Debug|Any CPU
		{FB687515-B6F6-4C90-A360-D3D28A664A91}.Release|Any CPU.ActiveCfg = Release|Any CPU
		{FB687515-B6F6-4C90-A360-D3D28A664A91}.Release|Any CPU.Build.0 = Release|Any CPU
	EndGlobalSection
	GlobalSection(SolutionProperties) = preSolution
		HideSolutionNode = FALSE
	EndGlobalSection
	GlobalSection(ExtensibilityGlobals) = postSolution
		SolutionGuid = {3B6D0A03-BE5B-45A5-9980-84DF62FB00B8}
	EndGlobalSection
EndGlobal
